
Microsoft Visual Studio Solution File, Format Version 12.00
# Visual Studio Version 17
VisualStudioVersion = 17.8.34408.163
MinimumVisualStudioVersion = 10.0.40219.1
Project("{FAE04EC0-301F-11D3-BF4B-00C04F79EFBC}") = "Assignment2_GemHunters", "Assignment2_GemHunters\Assignment2_GemHunters.csproj", "{43447FE8-E48B-42D9-862D-D951560C3E5C}"
EndProject
Global
	GlobalSection(SolutionConfigurationPlatforms) = preSolution
		Debug|Any CPU = Debug|Any CPU
		Release|Any CPU = Release|Any CPU
	EndGlobalSection
	GlobalSection(ProjectConfigurationPlatforms) = postSolution
		{43447FE8-E48B-42D9-862D-D951560C3E5C}.Debug|Any CPU.ActiveCfg = Debug|Any CPU
		{43447FE8-E48B-42D9-862D-D951560C3E5C}.Debug|Any CPU.Build.0 = Debug|Any CPU
		{43447FE8-E48B-42D9-862D-D951560C3E5C}.Release|Any CPU.ActiveCfg = Release|Any CPU
		{43447FE8-E48B-42D9-862D-D951560C3E5C}.Release|Any CPU.Build.0 = Release|Any CPU
	EndGlobalSection
	GlobalSection(SolutionProperties) = preSolution
		HideSolutionNode = FALSE
	EndGlobalSection
	GlobalSection(ExtensibilityGlobals) = postSolution
		SolutionGuid = {B162497D-FF77-4E96-9DD3-25E653CD4CB0}
	EndGlobalSection
EndGlobal
